github.com/ichigoni/jsonapiserializer v0.0.1 h1:aJAuk5u0QxlnE5W+DYf0EQO6HCvEX2Gf8RDbl+B5iws=
github.com/ichigoni/jsonapiserializer v0.0.1/go.mod h1:UhS9ffF6oPI1VxxKg1HQJL6l7bqCoMODpRFH29Yw8Kg=
github.com/ichigoni/jsonapiserializer v0.0.2 h1:rdsKC1N6WhS84u2O5ge3qqChZExPjHXK+BbWEUZiisY=
github.com/ichigoni/jsonapiserializer v0.0.2/go.mod h1:UhS9ffF6oPI1VxxKg1HQJL6l7bqCoMODpRFH29Yw8Kg=
